lockfile_version: '1'
generated_at: '2026-06-22T13:33:51.155825+00:00'
apm_version: 0.20.0
dependencies:
- repo_url: hackathon-brown-eagle-55/zava-agent-config
  host: github.com
  resolved_commit: 7a12679a9e1f55e06d16616ed0244b5fdeaad3da
  resolved_ref: v5.0.1
  virtual_path: plugins/code-kit
  is_virtual: true
  package_type: marketplace_plugin
  deployed_files:
  - .github/agents/architect.agent.md
  deployed_file_hashes:
    .github/agents/architect.agent.md: sha256:5afb7ce3a027e25b37237e246cc5165fa91999e22ae1c91cf1f38b6f2b0bb403
  content_hash: sha256:238eface848c75d6b6d263f34d14e426b05af4e1ac14c890353709864803a3f1
- repo_url: hackathon-brown-eagle-55/zava-agent-config
  host: github.com
  resolved_commit: 7a12679a9e1f55e06d16616ed0244b5fdeaad3da
  resolved_ref: v5.0.1
  virtual_path: plugins/operate-kit
  is_virtual: true
  package_type: marketplace_plugin
  deployed_files:
  - .agents/skills/incident-to-pr
  - .agents/skills/incident-to-pr/SKILL.md
  deployed_file_hashes:
    .agents/skills/incident-to-pr/SKILL.md: sha256:c68ec37dd01f5ffffa807b8b7d42e00f9b0c95d0c679749e8c43bb21d0248d9e
  content_hash: sha256:dd6a7af443875312f9d2793068d3d4aa965c22bc101f53fd19b8e3c9a8b56acc
- repo_url: hackathon-brown-eagle-55/zava-agent-config
  host: github.com
  resolved_commit: 7a12679a9e1f55e06d16616ed0244b5fdeaad3da
  resolved_ref: v5.0.1
  virtual_path: plugins/release-kit
  is_virtual: true
  package_type: marketplace_plugin
  deployed_files:
  - .github/instructions/ci-cd-golden-paths.instructions.md
  deployed_file_hashes:
    .github/instructions/ci-cd-golden-paths.instructions.md: sha256:ae3aebedc313182f683142bf9dd3eeb8c50997445d747e090feee80c71781947
  content_hash: sha256:3e9670d78d71fd805ec0092f6b4c0d25c12419f603734cd3b4907678d2d94e73
- repo_url: hackathon-brown-eagle-55/zava-agent-config
  host: github.com
  resolved_commit: 7a12679a9e1f55e06d16616ed0244b5fdeaad3da
  resolved_ref: v5.0.1
  virtual_path: plugins/review-kit
  is_virtual: true
  package_type: marketplace_plugin
  deployed_files:
  - .agents/skills/panel-review
  - .agents/skills/panel-review/SKILL.md
  deployed_file_hashes:
    .agents/skills/panel-review/SKILL.md: sha256:8e33b93b22e9f7eaa589d22012e220310f7897aa846936c9d5ea5eec04640b15
  content_hash: sha256:5bd2bddd200fc078d30e7b4156f76b60ca7613465fe6b45c3729f7fe43827c9e
- repo_url: hackathon-brown-eagle-55/zava-agent-config
  host: github.com
  resolved_commit: 7a12679a9e1f55e06d16616ed0244b5fdeaad3da
  resolved_ref: v5.0.1
  virtual_path: plugins/secure-baseline
  is_virtual: true
  package_type: marketplace_plugin
  deployed_files:
  - .github/agents/security.agent.md
  - .github/instructions/docs-style-guide.instructions.md
  - .github/instructions/secure-coding-base.instructions.md
  deployed_file_hashes:
    .github/agents/security.agent.md: sha256:d4e21f8f4c542433407dd3fb379aca3b1b0a61f9dca438ed2296cd46e246b092
    .github/instructions/docs-style-guide.instructions.md: sha256:fddb50410971943302549ca50310df3b03147091cf13186ad81d55dbe6388ba7
    .github/instructions/secure-coding-base.instructions.md: sha256:5e8f6a09fac3aa837313ae0af5f17f4a050ac9be53f1ac81ad6ed31d75df60ee
  content_hash: sha256:2bc0b645982e933356d19eb82ce36013491515ef4abf38943ed0b9763d65c320
