lockfile_version: '1'
generated_at: '2026-06-22T12:40:36.904400+00:00'
apm_version: 0.8.11
dependencies:
- repo_url: hackathon-brown-eagle-55/zava-agent-config
  host: github.com
  resolved_commit: 7a12679a9e1f55e06d16616ed0244b5fdeaad3da
  resolved_ref: v5.0.1
  virtual_path: plugins/code-kit
  is_virtual: true
  package_type: apm_package
  deployed_files:
  - .github/agents/architect.agent.md
  content_hash: sha256:d501031ae714ecb95551de180e3ecec70c830705be11f28d82c0d697d8e6a493
- repo_url: hackathon-brown-eagle-55/zava-agent-config
  host: github.com
  resolved_commit: 7a12679a9e1f55e06d16616ed0244b5fdeaad3da
  resolved_ref: v5.0.1
  virtual_path: plugins/operate-kit
  is_virtual: true
  package_type: apm_package
  deployed_files:
  - .github/skills/incident-to-pr
  content_hash: sha256:5aa514d5324f943b08c41b0a04e464d48b373b1e551b37d6c7d7b13d22001651
- repo_url: hackathon-brown-eagle-55/zava-agent-config
  host: github.com
  resolved_commit: 7a12679a9e1f55e06d16616ed0244b5fdeaad3da
  resolved_ref: v5.0.1
  virtual_path: plugins/release-kit
  is_virtual: true
  package_type: apm_package
  deployed_files:
  - .github/instructions/ci-cd-golden-paths.instructions.md
  content_hash: sha256:698f4ad9119f03f6281bbf16d08f37ef24dd8b67aab2c332bab19b99c5646a55
- repo_url: hackathon-brown-eagle-55/zava-agent-config
  host: github.com
  resolved_commit: 7a12679a9e1f55e06d16616ed0244b5fdeaad3da
  resolved_ref: v5.0.1
  virtual_path: plugins/review-kit
  is_virtual: true
  package_type: apm_package
  deployed_files:
  - .github/skills/panel-review
  content_hash: sha256:d623dd1999fb779a5d7169a61434f4539186d577d5bdd536e13493af19d98c2d
- repo_url: hackathon-brown-eagle-55/zava-agent-config
  host: github.com
  resolved_commit: 7a12679a9e1f55e06d16616ed0244b5fdeaad3da
  resolved_ref: v5.0.1
  virtual_path: plugins/secure-baseline
  is_virtual: true
  package_type: apm_package
  deployed_files:
  - .github/agents/security.agent.md
  - .github/instructions/docs-style-guide.instructions.md
  - .github/instructions/secure-coding-base.instructions.md
  content_hash: sha256:9d5bc7da52c3e5a6a486e19559e1f85d8f112b49b034de70c2e5038deb60adc7
